
Microsoft Visual Studio Solution File, Format Version 12.00
# Visual Studio Version 16
VisualStudioVersion = 16.0.31624.102
MinimumVisualStudioVersion = 10.0.40219.1
Project("{9A19103F-16F7-4668-BE54-9A1E7A4F7556}") = "BilheteLoteriaPremiado", "BilheteLoteriaPremiado.csproj", "{6EA0A184-89F5-452F-B15E-2DC06D0E08E5}"
EndProject
Global
	GlobalSection(SolutionConfigurationPlatforms) = preSolution
		Debug|Any CPU = Debug|Any CPU
		Release|Any CPU = Release|Any CPU
	EndGlobalSection
	GlobalSection(ProjectConfigurationPlatforms) = postSolution
		{6EA0A184-89F5-452F-B15E-2DC06D0E08E5}.Debug|Any CPU.ActiveCfg = Debug|Any CPU
		{6EA0A184-89F5-452F-B15E-2DC06D0E08E5}.Debug|Any CPU.Build.0 = Debug|Any CPU
		{6EA0A184-89F5-452F-B15E-2DC06D0E08E5}.Release|Any CPU.ActiveCfg = Release|Any CPU
		{6EA0A184-89F5-452F-B15E-2DC06D0E08E5}.Release|Any CPU.Build.0 = Release|Any CPU
	EndGlobalSection
	GlobalSection(SolutionProperties) = preSolution
		HideSolutionNode = FALSE
	EndGlobalSection
	GlobalSection(ExtensibilityGlobals) = postSolution
		SolutionGuid = {54CCB78B-64BC-4DD3-8E99-B683A8989753}
	EndGlobalSection
	GlobalSection(TeamFoundationVersionControl) = preSolution
		SccNumberOfProjects = 2
		SccEnterpriseProvider = {4CA58AB2-18FA-4F8D-95D4-32DDF27D184C}
		SccTeamFoundationServer = https://dev.azure.com/deleyalemao
		SccLocalPath0 = .
		SccProjectUniqueName1 = BilheteLoteriaPremiado.csproj
		SccLocalPath1 = .
	EndGlobalSection
EndGlobal
